
Microsoft Visual Studio Solution File, Format Version 12.00
# Visual Studio Version 17
VisualStudioVersion = 17.4.33122.133
MinimumVisualStudioVersion = 10.0.40219.1
Project("{FAE04EC0-301F-11D3-BF4B-00C04F79EFBC}") = "Homework_Day_4", "Homework_Day_4\Homework_Day_4.csproj", "{910F3213-E61E-478F-AE9E-8A926D8219A1}"
EndProject
Global
	GlobalSection(SolutionConfigurationPlatforms) = preSolution
		Debug|Any CPU = Debug|Any CPU
		Release|Any CPU = Release|Any CPU
	EndGlobalSection
	GlobalSection(ProjectConfigurationPlatforms) = postSolution
		{910F3213-E61E-478F-AE9E-8A926D8219A1}.Debug|Any CPU.ActiveCfg = Debug|Any CPU
		{910F3213-E61E-478F-AE9E-8A926D8219A1}.Debug|Any CPU.Build.0 = Debug|Any CPU
		{910F3213-E61E-478F-AE9E-8A926D8219A1}.Release|Any CPU.ActiveCfg = Release|Any CPU
		{910F3213-E61E-478F-AE9E-8A926D8219A1}.Release|Any CPU.Build.0 = Release|Any CPU
	EndGlobalSection
	GlobalSection(SolutionProperties) = preSolution
		HideSolutionNode = FALSE
	EndGlobalSection
	GlobalSection(ExtensibilityGlobals) = postSolution
		SolutionGuid = {8C2BD52E-D539-4F0E-81E5-3B6FE0387B6F}
	EndGlobalSection
EndGlobal
